
Microsoft Visual Studio Solution File, Format Version 12.00
# Visual Studio 2013
VisualStudioVersion = 12.0.40629.0
MinimumVisualStudioVersion = 10.0.40219.1
Project("{FAE04EC0-301F-11D3-BF4B-00C04F79EFBC}") = "Inmobiliar", "Inmobiliar\Inmobiliar.csproj", "{921BDC47-2F84-490E-BACE-41A58EB704BA}"
EndProject
Project("{2150E333-8FDC-42A3-9474-1A3956D46DE8}") = ".nuget", ".nuget", "{AE350170-1589-436F-B1AD-E4B5CA55F5F4}"
	ProjectSection(SolutionItems) = preProject
		.nuget\NuGet.Config = .nuget\NuGet.Config
		.nuget\NuGet.exe = .nuget\NuGet.exe
		.nuget\NuGet.targets = .nuget\NuGet.targets
	EndProjectSection
EndProject
Project("{FAE04EC0-301F-11D3-BF4B-00C04F79EFBC}") = "InmBLL", "InmBLL\InmBLL.csproj", "{2F950398-0B0E-4278-A1BF-B137B2F33730}"
EndProject
Project("{FAE04EC0-301F-11D3-BF4B-00C04F79EFBC}") = "InmDAL", "InmDAL\InmDAL.csproj", "{D9FDE0E4-F81E-436F-868D-D0880017A9FA}"
EndProject
Project("{FAE04EC0-301F-11D3-BF4B-00C04F79EFBC}") = "Common", "Common\Common.csproj", "{620405AD-09BA-488B-89D6-8AB3F7F95503}"
EndProject
Global
	GlobalSection(SolutionConfigurationPlatforms) = preSolution
		Debug|Any CPU = Debug|Any CPU
		Release|Any CPU = Release|Any CPU
	EndGlobalSection
	GlobalSection(ProjectConfigurationPlatforms) = postSolution
		{921BDC47-2F84-490E-BACE-41A58EB704BA}.Debug|Any CPU.ActiveCfg = Debug|Any CPU
		{921BDC47-2F84-490E-BACE-41A58EB704BA}.Debug|Any CPU.Build.0 = Debug|Any CPU
		{921BDC47-2F84-490E-BACE-41A58EB704BA}.Release|Any CPU.ActiveCfg = Release|Any CPU
		{921BDC47-2F84-490E-BACE-41A58EB704BA}.Release|Any CPU.Build.0 = Release|Any CPU
		{2F950398-0B0E-4278-A1BF-B137B2F33730}.Debug|Any CPU.ActiveCfg = Debug|Any CPU
		{2F950398-0B0E-4278-A1BF-B137B2F33730}.Debug|Any CPU.Build.0 = Debug|Any CPU
		{2F950398-0B0E-4278-A1BF-B137B2F33730}.Release|Any CPU.ActiveCfg = Release|Any CPU
		{2F950398-0B0E-4278-A1BF-B137B2F33730}.Release|Any CPU.Build.0 = Release|Any CPU
		{D9FDE0E4-F81E-436F-868D-D0880017A9FA}.Debug|Any CPU.ActiveCfg = Debug|Any CPU
		{D9FDE0E4-F81E-436F-868D-D0880017A9FA}.Debug|Any CPU.Build.0 = Debug|Any CPU
		{D9FDE0E4-F81E-436F-868D-D0880017A9FA}.Release|Any CPU.ActiveCfg = Release|Any CPU
		{D9FDE0E4-F81E-436F-868D-D0880017A9FA}.Release|Any CPU.Build.0 = Release|Any CPU
		{620405AD-09BA-488B-89D6-8AB3F7F95503}.Debug|Any CPU.ActiveCfg = Debug|Any CPU
		{620405AD-09BA-488B-89D6-8AB3F7F95503}.Debug|Any CPU.Build.0 = Debug|Any CPU
		{620405AD-09BA-488B-89D6-8AB3F7F95503}.Release|Any CPU.ActiveCfg = Release|Any CPU
		{620405AD-09BA-488B-89D6-8AB3F7F95503}.Release|Any CPU.Build.0 = Release|Any CPU
	EndGlobalSection
	GlobalSection(SolutionProperties) = preSolution
		HideSolutionNode = FALSE
	EndGlobalSection
EndGlobal
